Microsoft Visual Studio Solution File, Format Version 12.00
# Visual Studio Version 17
VisualStudioVersion = 17.5.2.0
MinimumVisualStudioVersion = 10.0.40219.1
Project("{2150E333-8FDC-42A3-9474-1A3956D46DE8}") = "Language", "Language", "{6E051E6B-A906-BCCA-FEE1-A422FA22846B}"
EndProject
Project("{2150E333-8FDC-42A3-9474-1A3956D46DE8}") = "C#", "C#", "{E8480606-0510-2937-5E4C-783D0D5B1944}"
EndProject
Project("{FAE04EC0-301F-11D3-BF4B-00C04F79EFBC}") = "GeminiChatbot", "Language\C#\GeminiChatbot\GeminiChatbot.csproj", "{4DFC00E1-6642-15BC-A5F4-1A027365991A}"
EndProject
Global
	GlobalSection(SolutionConfigurationPlatforms) = preSolution
		Debug|Any CPU = Debug|Any CPU
		Release|Any CPU = Release|Any CPU
	EndGlobalSection
	GlobalSection(ProjectConfigurationPlatforms) = postSolution
		{4DFC00E1-6642-15BC-A5F4-1A027365991A}.Debug|Any CPU.ActiveCfg = Debug|Any CPU
		{4DFC00E1-6642-15BC-A5F4-1A027365991A}.Debug|Any CPU.Build.0 = Debug|Any CPU
		{4DFC00E1-6642-15BC-A5F4-1A027365991A}.Release|Any CPU.ActiveCfg = Release|Any CPU
		{4DFC00E1-6642-15BC-A5F4-1A027365991A}.Release|Any CPU.Build.0 = Release|Any CPU
	EndGlobalSection
	GlobalSection(SolutionProperties) = preSolution
		HideSolutionNode = FALSE
	EndGlobalSection
	GlobalSection(NestedProjects) = preSolution
		{E8480606-0510-2937-5E4C-783D0D5B1944} = {6E051E6B-A906-BCCA-FEE1-A422FA22846B}
		{4DFC00E1-6642-15BC-A5F4-1A027365991A} = {E8480606-0510-2937-5E4C-783D0D5B1944}
	EndGlobalSection
	GlobalSection(ExtensibilityGlobals) = postSolution
		SolutionGuid = {457B309F-EB42-4544-BFE4-26F18B1CFD43}
	EndGlobalSection
EndGlobal
